
Microsoft Visual Studio Solution File, Format Version 12.00
# Visual Studio 15
VisualStudioVersion = 15.0.28010.2003
MinimumVisualStudioVersion = 10.0.40219.1
Project("{262852C6-CD72-467D-83FE-5EEB1973A190}") = "AppSaudeConfort", "AppSaudeConfort.jsproj", "{B7A7EC90-1ACD-44E1-AEE2-270C00F7037E}"
EndProject
Global
	GlobalSection(SolutionConfigurationPlatforms) = preSolution
		Debug|Android = Debug|Android
		Debug|iOS = Debug|iOS
		Debug|Windows-ARM = Debug|Windows-ARM
		Debug|Windows-x64 = Debug|Windows-x64
		Debug|Windows-x86 = Debug|Windows-x86
		Release|Android = Release|Android
		Release|iOS = Release|iOS
		Release|Windows-ARM = Release|Windows-ARM
		Release|Windows-x64 = Release|Windows-x64
		Release|Windows-x86 = Release|Windows-x86
	EndGlobalSection
	GlobalSection(ProjectConfigurationPlatforms) = postSolution
		{B7A7EC90-1ACD-44E1-AEE2-270C00F7037E}.Debug|Android.ActiveCfg = Debug|Android
		{B7A7EC90-1ACD-44E1-AEE2-270C00F7037E}.Debug|Android.Build.0 = Debug|Android
		{B7A7EC90-1ACD-44E1-AEE2-270C00F7037E}.Debug|Android.Deploy.0 = Debug|Android
		{B7A7EC90-1ACD-44E1-AEE2-270C00F7037E}.Debug|iOS.ActiveCfg = Debug|iOS
		{B7A7EC90-1ACD-44E1-AEE2-270C00F7037E}.Debug|iOS.Build.0 = Debug|iOS
		{B7A7EC90-1ACD-44E1-AEE2-270C00F7037E}.Debug|iOS.Deploy.0 = Debug|iOS
		{B7A7EC90-1ACD-44E1-AEE2-270C00F7037E}.Debug|Windows-ARM.ActiveCfg = Debug|Windows-ARM
		{B7A7EC90-1ACD-44E1-AEE2-270C00F7037E}.Debug|Windows-ARM.Build.0 = Debug|Windows-ARM
		{B7A7EC90-1ACD-44E1-AEE2-270C00F7037E}.Debug|Windows-ARM.Deploy.0 = Debug|Windows-ARM
		{B7A7EC90-1ACD-44E1-AEE2-270C00F7037E}.Debug|Windows-x64.ActiveCfg = Debug|Windows-x64
		{B7A7EC90-1ACD-44E1-AEE2-270C00F7037E}.Debug|Windows-x64.Build.0 = Debug|Windows-x64
		{B7A7EC90-1ACD-44E1-AEE2-270C00F7037E}.Debug|Windows-x64.Deploy.0 = Debug|Windows-x64
		{B7A7EC90-1ACD-44E1-AEE2-270C00F7037E}.Debug|Windows-x86.ActiveCfg = Debug|Windows-x86
		{B7A7EC90-1ACD-44E1-AEE2-270C00F7037E}.Debug|Windows-x86.Build.0 = Debug|Windows-x86
		{B7A7EC90-1ACD-44E1-AEE2-270C00F7037E}.Debug|Windows-x86.Deploy.0 = Debug|Windows-x86
		{B7A7EC90-1ACD-44E1-AEE2-270C00F7037E}.Release|Android.ActiveCfg = Release|Android
		{B7A7EC90-1ACD-44E1-AEE2-270C00F7037E}.Release|Android.Build.0 = Release|Android
		{B7A7EC90-1ACD-44E1-AEE2-270C00F7037E}.Release|Android.Deploy.0 = Release|Android
		{B7A7EC90-1ACD-44E1-AEE2-270C00F7037E}.Release|iOS.ActiveCfg = Release|iOS
		{B7A7EC90-1ACD-44E1-AEE2-270C00F7037E}.Release|iOS.Build.0 = Release|iOS
		{B7A7EC90-1ACD-44E1-AEE2-270C00F7037E}.Release|iOS.Deploy.0 = Release|iOS
		{B7A7EC90-1ACD-44E1-AEE2-270C00F7037E}.Release|Windows-ARM.ActiveCfg = Release|Windows-ARM
		{B7A7EC90-1ACD-44E1-AEE2-270C00F7037E}.Release|Windows-ARM.Build.0 = Release|Windows-ARM
		{B7A7EC90-1ACD-44E1-AEE2-270C00F7037E}.Release|Windows-ARM.Deploy.0 = Release|Windows-ARM
		{B7A7EC90-1ACD-44E1-AEE2-270C00F7037E}.Release|Windows-x64.ActiveCfg = Release|Windows-x64
		{B7A7EC90-1ACD-44E1-AEE2-270C00F7037E}.Release|Windows-x64.Build.0 = Release|Windows-x64
		{B7A7EC90-1ACD-44E1-AEE2-270C00F7037E}.Release|Windows-x64.Deploy.0 = Release|Windows-x64
		{B7A7EC90-1ACD-44E1-AEE2-270C00F7037E}.Release|Windows-x86.ActiveCfg = Release|Windows-x86
		{B7A7EC90-1ACD-44E1-AEE2-270C00F7037E}.Release|Windows-x86.Build.0 = Release|Windows-x86
		{B7A7EC90-1ACD-44E1-AEE2-270C00F7037E}.Release|Windows-x86.Deploy.0 = Release|Windows-x86
	EndGlobalSection
	GlobalSection(SolutionProperties) = preSolution
		HideSolutionNode = FALSE
	EndGlobalSection
	GlobalSection(ExtensibilityGlobals) = postSolution
		SolutionGuid = {C4893E8D-B2FE-4756-8C36-13A9FCE9578F}
	EndGlobalSection
EndGlobal
